// !$*UTF8*$!
{
	archiveVersion = 1;
	classes = {
	};
	objectVersion = 48;
	objects = {

/* Begin PBXBuildFile section */
		35391F2E1FB54C77007C546B /* lh.c in Sources */ = {isa = PBXBuildFile; fileRef = 35391F2C1FB54C77007C546B /* lh.c */; };
		35E888ED1FB16B85000017DE /* main.c in Sources */ = {isa = PBXBuildFile; fileRef = 35E888EC1FB16B85000017DE /* main.c */; };
		35E889391FB16C58000017DE /* sock_ntop.c in Sources */ = {isa = PBXBuildFile; fileRef = 35E888F41FB16B8D000017DE /* sock_ntop.c */; };
		35E8893A1FB16C58000017DE /* gf_time.c in Sources */ = {isa = PBXBuildFile; fileRef = 35E888F61FB16B8D000017DE /* gf_time.c */; };
		35E8893B1FB16C58000017DE /* str_echo.c in Sources */ = {isa = PBXBuildFile; fileRef = 35E888F71FB16B8D000017DE /* str_echo.c */; };
		35E8893C1FB16C58000017DE /* writen.c in Sources */ = {isa = PBXBuildFile; fileRef = 35E888F81FB16B8D000017DE /* writen.c */; };
		35E8893D1FB16C58000017DE /* str_cli.c in Sources */ = {isa = PBXBuildFile; fileRef = 35E888F91FB16B8D000017DE /* str_cli.c */; };
		35E8893E1FB16C58000017DE /* sockfd_to_family.c in Sources */ = {isa = PBXBuildFile; fileRef = 35E888FA1FB16B8D000017DE /* sockfd_to_family.c */; };
		35E8893F1FB16C58000017DE /* if_nameindex.c in Sources */ = {isa = PBXBuildFile; fileRef = 35E888FB1FB16B8D000017DE /* if_nameindex.c */; };
		35E889401FB16C58000017DE /* daemon_init.c in Sources */ = {isa = PBXBuildFile; fileRef = 35E888FC1FB16B8D000017DE /* daemon_init.c */; };
		35E889411FB16C58000017DE /* connect_nonb.c in Sources */ = {isa = PBXBuildFile; fileRef = 35E888FE1FB16B8D000017DE /* connect_nonb.c */; };
		35E889421FB16C58000017DE /* mcast_leave.c in Sources */ = {isa = PBXBuildFile; fileRef = 35E888FF1FB16B8D000017DE /* mcast_leave.c */; };
		35E889431FB16C58000017DE /* write_fd.c in Sources */ = {isa = PBXBuildFile; fileRef = 35E889001FB16B8D000017DE /* write_fd.c */; };
		35E889441FB16C58000017DE /* pselect.c in Sources */ = {isa = PBXBuildFile; fileRef = 35E889011FB16B8D000017DE /* pselect.c */; };
		35E889451FB16C58000017DE /* mcast_get_ttl.c in Sources */ = {isa = PBXBuildFile; fileRef = 35E889021FB16B8D000017DE /* mcast_get_ttl.c */; };
		35E889461FB16C58000017DE /* mcast_set_loop.c in Sources */ = {isa = PBXBuildFile; fileRef = 35E889031FB16B8D000017DE /* mcast_set_loop.c */; };
		35E889471FB16C58000017DE /* sockatmark.c in Sources */ = {isa = PBXBuildFile; fileRef = 35E889041FB16B8D000017DE /* sockatmark.c */; };
		35E889481FB16C58000017DE /* connect_timeo.c in Sources */ = {isa = PBXBuildFile; fileRef = 35E889051FB16B8D000017DE /* connect_timeo.c */; };
		35E889491FB16C58000017DE /* sock_ntop_host.c in Sources */ = {isa = PBXBuildFile; fileRef = 35E889061FB16B8D000017DE /* sock_ntop_host.c */; };
		35E8894A1FB16C58000017DE /* if_nametoindex.c in Sources */ = {isa = PBXBuildFile; fileRef = 35E889071FB16B8D000017DE /* if_nametoindex.c */; };
		35E8894B1FB16C58000017DE /* sock_set_port.c in Sources */ = {isa = PBXBuildFile; fileRef = 35E889081FB16B8D000017DE /* sock_set_port.c */; };
		35E8894C1FB16C58000017DE /* mcast_set_ttl.c in Sources */ = {isa = PBXBuildFile; fileRef = 35E889091FB16B8D000017DE /* mcast_set_ttl.c */; };
		35E8894D1FB16C58000017DE /* wrapsock.c in Sources */ = {isa = PBXBuildFile; fileRef = 35E8890A1FB16B8D000017DE /* wrapsock.c */; };
		35E8894E1FB16C58000017DE /* sock_cmp_addr.c in Sources */ = {isa = PBXBuildFile; fileRef = 35E8890B1FB16B8D000017DE /* sock_cmp_addr.c */; };
		35E8894F1FB16C58000017DE /* tcp_connect.c in Sources */ = {isa = PBXBuildFile; fileRef = 35E8890C1FB16B8D000017DE /* tcp_connect.c */; };
		35E889501FB16C58000017DE /* udp_server.c in Sources */ = {isa = PBXBuildFile; fileRef = 35E8890D1FB16B8D000017DE /* udp_server.c */; };
		35E889511FB16C58000017DE /* sock_get_port.c in Sources */ = {isa = PBXBuildFile; fileRef = 35E8890E1FB16B8D000017DE /* sock_get_port.c */; };
		35E889521FB16C58000017DE /* wrapstdio.c in Sources */ = {isa = PBXBuildFile; fileRef = 35E8890F1FB16B8D000017DE /* wrapstdio.c */; };
		35E889531FB16C58000017DE /* sock_set_wild.c in Sources */ = {isa = PBXBuildFile; fileRef = 35E889101FB16B8D000017DE /* sock_set_wild.c */; };
		35E889541FB16C58000017DE /* if_indextoname.c in Sources */ = {isa = PBXBuildFile; fileRef = 35E889111FB16B8D000017DE /* if_indextoname.c */; };
		35E889551FB16C58000017DE /* mcast_get_loop.c in Sources */ = {isa = PBXBuildFile; fileRef = 35E889121FB16B8D000017DE /* mcast_get_loop.c */; };
		35E889561FB16C58000017DE /* wraplib.c in Sources */ = {isa = PBXBuildFile; fileRef = 35E889131FB16B8D000017DE /* wraplib.c */; };
		35E889571FB16C58000017DE /* wrappthread.c in Sources */ = {isa = PBXBuildFile; fileRef = 35E889141FB16B8D000017DE /* wrappthread.c */; };
		35E889581FB16C58000017DE /* read_fd.c in Sources */ = {isa = PBXBuildFile; fileRef = 35E889151FB16B8D000017DE /* read_fd.c */; };
		35E889591FB16C58000017DE /* signal_intr.c in Sources */ = {isa = PBXBuildFile; fileRef = 35E889161FB16B8D000017DE /* signal_intr.c */; };
		35E8895A1FB16C58000017DE /* sock_bind_wild.c in Sources */ = {isa = PBXBuildFile; fileRef = 35E889171FB16B8D000017DE /* sock_bind_wild.c */; };
		35E8895B1FB16C58000017DE /* udp_client.c in Sources */ = {isa = PBXBuildFile; fileRef = 35E889181FB16B8D000017DE /* udp_client.c */; };
		35E8895C1FB16C58000017DE /* writable_timeo.c in Sources */ = {isa = PBXBuildFile; fileRef = 35E889191FB16B8D000017DE /* writable_timeo.c */; };
		35E8895D1FB16C58000017DE /* snprintf.c in Sources */ = {isa = PBXBuildFile; fileRef = 35E8891A1FB16B8D000017DE /* snprintf.c */; };
		35E8895E1FB16C58000017DE /* mcast_get_if.c in Sources */ = {isa = PBXBuildFile; fileRef = 35E8891B1FB16B8D000017DE /* mcast_get_if.c */; };
		35E8895F1FB16C58000017DE /* my_addrs.c in Sources */ = {isa = PBXBuildFile; fileRef = 35E8891C1FB16B8D000017DE /* my_addrs.c */; };
		35E889601FB16C58000017DE /* tcp_listen.c in Sources */ = {isa = PBXBuildFile; fileRef = 35E8891D1FB16B8D000017DE /* tcp_listen.c */; };
		35E889611FB16C58000017DE /* error.c in Sources */ = {isa = PBXBuildFile; fileRef = 35E8891E1FB16B8D000017DE /* error.c */; };
		35E889621FB16C58000017DE /* wrapunix.c in Sources */ = {isa = PBXBuildFile; fileRef = 35E8891F1FB16B8D000017DE /* wrapunix.c */; };
		35E889631FB16C58000017DE /* mcast_set_if.c in Sources */ = {isa = PBXBuildFile; fileRef = 35E889201FB16B8D000017DE /* mcast_set_if.c */; };
		35E889641FB16C58000017DE /* family_to_level.c in Sources */ = {isa = PBXBuildFile; fileRef = 35E889211FB16B8D000017DE /* family_to_level.c */; };
		35E889651FB16C58000017DE /* udp_connect.c in Sources */ = {isa = PBXBuildFile; fileRef = 35E889221FB16B8D000017DE /* udp_connect.c */; };
		35E889661FB16C58000017DE /* readline.c in Sources */ = {isa = PBXBuildFile; fileRef = 35E889231FB16B8D000017DE /* readline.c */; };
		35E889671FB16C58000017DE /* tv_sub.c in Sources */ = {isa = PBXBuildFile; fileRef = 35E889261FB16B8D000017DE /* tv_sub.c */; };
		35E889681FB16C58000017DE /* dg_echo.c in Sources */ = {isa = PBXBuildFile; fileRef = 35E889271FB16B8D000017DE /* dg_echo.c */; };
		35E889691FB16C58000017DE /* signal.c in Sources */ = {isa = PBXBuildFile; fileRef = 35E889281FB16B8D000017DE /* signal.c */; };
		35E8896A1FB16C58000017DE /* rtt.c in Sources */ = {isa = PBXBuildFile; fileRef = 35E889291FB16B8D000017DE /* rtt.c */; };
		35E8896B1FB16C58000017DE /* mcast_join.c in Sources */ = {isa = PBXBuildFile; fileRef = 35E8892A1FB16B8D000017DE /* mcast_join.c */; };
		35E8896C1FB16C58000017DE /* in6addr_any.c in Sources */ = {isa = PBXBuildFile; fileRef = 35E8892B1FB16B8D000017DE /* in6addr_any.c */; };
		35E8896D1FB16C58000017DE /* dg_cli.c in Sources */ = {isa = PBXBuildFile; fileRef = 35E8892C1FB16B8D000017DE /* dg_cli.c */; };
		35E8896E1FB16C58000017DE /* readn.c in Sources */ = {isa = PBXBuildFile; fileRef = 35E8892D1FB16B8D000017DE /* readn.c */; };
		35E8896F1FB16C58000017DE /* sock_set_addr.c in Sources */ = {isa = PBXBuildFile; fileRef = 35E8892E1FB16B8D000017DE /* sock_set_addr.c */; };
		35E889701FB16C59000017DE /* get_ifi_info.c in Sources */ = {isa = PBXBuildFile; fileRef = 35E8892F1FB16B8D000017DE /* get_ifi_info.c */; };
		35E889711FB16C59000017DE /* readable_timeo.c in Sources */ = {isa = PBXBuildFile; fileRef = 35E889301FB16B8D000017DE /* readable_timeo.c */; };
		35E889721FB16C59000017DE /* sock_cmp_port.c in Sources */ = {isa = PBXBuildFile; fileRef = 35E889311FB16B8D000017DE /* sock_cmp_port.c */; };
		35E889731FB16C59000017DE /* hstrerror.c in Sources */ = {isa = PBXBuildFile; fileRef = 35E889321FB16B8D000017DE /* hstrerror.c */; };
		35E889741FB16C59000017DE /* daemon_inetd.c in Sources */ = {isa = PBXBuildFile; fileRef = 35E889331FB16B8D000017DE /* daemon_inetd.c */; };
		35E889751FB16C59000017DE /* host_serv.c in Sources */ = {isa = PBXBuildFile; fileRef = 35E889341FB16B8D000017DE /* host_serv.c */; };
/* End PBXBuildFile section */

/* Begin PBXCopyFilesBuildPhase section */
		35E888E71FB16B85000017DE /* CopyFiles */ = {
			isa = PBXCopyFilesBuildPhase;
			buildActionMask = 2147483647;
			dstPath = /usr/share/man/man1/;
			dstSubfolderSpec = 0;
			files = (
			);
			runOnlyForDeploymentPostprocessing = 1;
		};
/* End PBXCopyFilesBuildPhase section */

/* Begin PBXFileReference section */
		35391F2C1FB54C77007C546B /* lh.c */ = {isa = PBXFileReference; fileEncoding = 4; lastKnownFileType = sourcecode.c.c; name = lh.c; path = unix/lh.c; sourceTree = SOURCE_ROOT; };
		35391F2D1FB54C77007C546B /* lh.h */ = {isa = PBXFileReference; fileEncoding = 4; lastKnownFileType = sourcecode.c.h; name = lh.h; path = unix/lh.h; sourceTree = SOURCE_ROOT; };
		35E888E91FB16B85000017DE /* Unix */ = {isa = PBXFileReference; explicitFileType = "compiled.mach-o.executable"; includeInIndex = 0; path = Unix; sourceTree = BUILT_PRODUCTS_DIR; };
		35E888EC1FB16B85000017DE /* main.c */ = {isa = PBXFileReference; lastKnownFileType = sourcecode.c.c; path = main.c; sourceTree = "<group>"; };
		35E888F41FB16B8D000017DE /* sock_ntop.c */ = {isa = PBXFileReference; lastKnownFileType = sourcecode.c.c; path = sock_ntop.c; sourceTree = "<group>"; };
		35E888F51FB16B8D000017DE /* addrinfo.h */ = {isa = PBXFileReference; lastKnownFileType = sourcecode.c.h; path = addrinfo.h; sourceTree = "<group>"; };
		35E888F61FB16B8D000017DE /* gf_time.c */ = {isa = PBXFileReference; lastKnownFileType = sourcecode.c.c; path = gf_time.c; sourceTree = "<group>"; };
		35E888F71FB16B8D000017DE /* str_echo.c */ = {isa = PBXFileReference; lastKnownFileType = sourcecode.c.c; path = str_echo.c; sourceTree = "<group>"; };
		35E888F81FB16B8D000017DE /* writen.c */ = {isa = PBXFileReference; lastKnownFileType = sourcecode.c.c; path = writen.c; sourceTree = "<group>"; };
		35E888F91FB16B8D000017DE /* str_cli.c */ = {isa = PBXFileReference; lastKnownFileType = sourcecode.c.c; path = str_cli.c; sourceTree = "<group>"; };
		35E888FA1FB16B8D000017DE /* sockfd_to_family.c */ = {isa = PBXFileReference; lastKnownFileType = sourcecode.c.c; path = sockfd_to_family.c; sourceTree = "<group>"; };
		35E888FB1FB16B8D000017DE /* if_nameindex.c */ = {isa = PBXFileReference; lastKnownFileType = sourcecode.c.c; path = if_nameindex.c; sourceTree = "<group>"; };
		35E888FC1FB16B8D000017DE /* daemon_init.c */ = {isa = PBXFileReference; lastKnownFileType = sourcecode.c.c; path = daemon_init.c; sourceTree = "<group>"; };
		35E888FD1FB16B8D000017DE /* unpthread.h */ = {isa = PBXFileReference; lastKnownFileType = sourcecode.c.h; path = unpthread.h; sourceTree = "<group>"; };
		35E888FE1FB16B8D000017DE /* connect_nonb.c */ = {isa = PBXFileReference; lastKnownFileType = sourcecode.c.c; path = connect_nonb.c; sourceTree = "<group>"; };
		35E888FF1FB16B8D000017DE /* mcast_leave.c */ = {isa = PBXFileReference; lastKnownFileType = sourcecode.c.c; path = mcast_leave.c; sourceTree = "<group>"; };
		35E889001FB16B8D000017DE /* write_fd.c */ = {isa = PBXFileReference; lastKnownFileType = sourcecode.c.c; path = write_fd.c; sourceTree = "<group>"; };
		35E889011FB16B8D000017DE /* pselect.c */ = {isa = PBXFileReference; lastKnownFileType = sourcecode.c.c; path = pselect.c; sourceTree = "<group>"; };
		35E889021FB16B8D000017DE /* mcast_get_ttl.c */ = {isa = PBXFileReference; lastKnownFileType = sourcecode.c.c; path = mcast_get_ttl.c; sourceTree = "<group>"; };
		35E889031FB16B8D000017DE /* mcast_set_loop.c */ = {isa = PBXFileReference; lastKnownFileType = sourcecode.c.c; path = mcast_set_loop.c; sourceTree = "<group>"; };
		35E889041FB16B8D000017DE /* sockatmark.c */ = {isa = PBXFileReference; lastKnownFileType = sourcecode.c.c; path = sockatmark.c; sourceTree = "<group>"; };
		35E889051FB16B8D000017DE /* connect_timeo.c */ = {isa = PBXFileReference; lastKnownFileType = sourcecode.c.c; path = connect_timeo.c; sourceTree = "<group>"; };
		35E889061FB16B8D000017DE /* sock_ntop_host.c */ = {isa = PBXFileReference; lastKnownFileType = sourcecode.c.c; path = sock_ntop_host.c; sourceTree = "<group>"; };
		35E889071FB16B8D000017DE /* if_nametoindex.c */ = {isa = PBXFileReference; lastKnownFileType = sourcecode.c.c; path = if_nametoindex.c; sourceTree = "<group>"; };
		35E889081FB16B8D000017DE /* sock_set_port.c */ = {isa = PBXFileReference; lastKnownFileType = sourcecode.c.c; path = sock_set_port.c; sourceTree = "<group>"; };
		35E889091FB16B8D000017DE /* mcast_set_ttl.c */ = {isa = PBXFileReference; lastKnownFileType = sourcecode.c.c; path = mcast_set_ttl.c; sourceTree = "<group>"; };
		35E8890A1FB16B8D000017DE /* wrapsock.c */ = {isa = PBXFileReference; lastKnownFileType = sourcecode.c.c; path = wrapsock.c; sourceTree = "<group>"; };
		35E8890B1FB16B8D000017DE /* sock_cmp_addr.c */ = {isa = PBXFileReference; lastKnownFileType = sourcecode.c.c; path = sock_cmp_addr.c; sourceTree = "<group>"; };
		35E8890C1FB16B8D000017DE /* tcp_connect.c */ = {isa = PBXFileReference; lastKnownFileType = sourcecode.c.c; path = tcp_connect.c; sourceTree = "<group>"; };
		35E8890D1FB16B8D000017DE /* udp_server.c */ = {isa = PBXFileReference; lastKnownFileType = sourcecode.c.c; path = udp_server.c; sourceTree = "<group>"; };
		35E8890E1FB16B8D000017DE /* sock_get_port.c */ = {isa = PBXFileReference; lastKnownFileType = sourcecode.c.c; path = sock_get_port.c; sourceTree = "<group>"; };
		35E8890F1FB16B8D000017DE /* wrapstdio.c */ = {isa = PBXFileReference; lastKnownFileType = sourcecode.c.c; path = wrapstdio.c; sourceTree = "<group>"; };
		35E889101FB16B8D000017DE /* sock_set_wild.c */ = {isa = PBXFileReference; lastKnownFileType = sourcecode.c.c; path = sock_set_wild.c; sourceTree = "<group>"; };
		35E889111FB16B8D000017DE /* if_indextoname.c */ = {isa = PBXFileReference; lastKnownFileType = sourcecode.c.c; path = if_indextoname.c; sourceTree = "<group>"; };
		35E889121FB16B8D000017DE /* mcast_get_loop.c */ = {isa = PBXFileReference; lastKnownFileType = sourcecode.c.c; path = mcast_get_loop.c; sourceTree = "<group>"; };
		35E889131FB16B8D000017DE /* wraplib.c */ = {isa = PBXFileReference; lastKnownFileType = sourcecode.c.c; path = wraplib.c; sourceTree = "<group>"; };
		35E889141FB16B8D000017DE /* wrappthread.c */ = {isa = PBXFileReference; lastKnownFileType = sourcecode.c.c; path = wrappthread.c; sourceTree = "<group>"; };
		35E889151FB16B8D000017DE /* read_fd.c */ = {isa = PBXFileReference; lastKnownFileType = sourcecode.c.c; path = read_fd.c; sourceTree = "<group>"; };
		35E889161FB16B8D000017DE /* signal_intr.c */ = {isa = PBXFileReference; lastKnownFileType = sourcecode.c.c; path = signal_intr.c; sourceTree = "<group>"; };
		35E889171FB16B8D000017DE /* sock_bind_wild.c */ = {isa = PBXFileReference; lastKnownFileType = sourcecode.c.c; path = sock_bind_wild.c; sourceTree = "<group>"; };
		35E889181FB16B8D000017DE /* udp_client.c */ = {isa = PBXFileReference; lastKnownFileType = sourcecode.c.c; path = udp_client.c; sourceTree = "<group>"; };
		35E889191FB16B8D000017DE /* writable_timeo.c */ = {isa = PBXFileReference; lastKnownFileType = sourcecode.c.c; path = writable_timeo.c; sourceTree = "<group>"; };
		35E8891A1FB16B8D000017DE /* snprintf.c */ = {isa = PBXFileReference; lastKnownFileType = sourcecode.c.c; path = snprintf.c; sourceTree = "<group>"; };
		35E8891B1FB16B8D000017DE /* mcast_get_if.c */ = {isa = PBXFileReference; lastKnownFileType = sourcecode.c.c; path = mcast_get_if.c; sourceTree = "<group>"; };
		35E8891C1FB16B8D000017DE /* my_addrs.c */ = {isa = PBXFileReference; lastKnownFileType = sourcecode.c.c; path = my_addrs.c; sourceTree = "<group>"; };
		35E8891D1FB16B8D000017DE /* tcp_listen.c */ = {isa = PBXFileReference; lastKnownFileType = sourcecode.c.c; path = tcp_listen.c; sourceTree = "<group>"; };
		35E8891E1FB16B8D000017DE /* error.c */ = {isa = PBXFileReference; lastKnownFileType = sourcecode.c.c; path = error.c; sourceTree = "<group>"; };
		35E8891F1FB16B8D000017DE /* wrapunix.c */ = {isa = PBXFileReference; lastKnownFileType = sourcecode.c.c; path = wrapunix.c; sourceTree = "<group>"; };
		35E889201FB16B8D000017DE /* mcast_set_if.c */ = {isa = PBXFileReference; lastKnownFileType = sourcecode.c.c; path = mcast_set_if.c; sourceTree = "<group>"; };
		35E889211FB16B8D000017DE /* family_to_level.c */ = {isa = PBXFileReference; lastKnownFileType = sourcecode.c.c; path = family_to_level.c; sourceTree = "<group>"; };
		35E889221FB16B8D000017DE /* udp_connect.c */ = {isa = PBXFileReference; lastKnownFileType = sourcecode.c.c; path = udp_connect.c; sourceTree = "<group>"; };
		35E889231FB16B8D000017DE /* readline.c */ = {isa = PBXFileReference; lastKnownFileType = sourcecode.c.c; path = readline.c; sourceTree = "<group>"; };
		35E889241FB16B8D000017DE /* unpifi.h */ = {isa = PBXFileReference; lastKnownFileType = sourcecode.c.h; path = unpifi.h; sourceTree = "<group>"; };
		35E889251FB16B8D000017DE /* unp.h */ = {isa = PBXFileReference; lastKnownFileType = sourcecode.c.h; path = unp.h; sourceTree = "<group>"; };
		35E889261FB16B8D000017DE /* tv_sub.c */ = {isa = PBXFileReference; lastKnownFileType = sourcecode.c.c; path = tv_sub.c; sourceTree = "<group>"; };
		35E889271FB16B8D000017DE /* dg_echo.c */ = {isa = PBXFileReference; lastKnownFileType = sourcecode.c.c; path = dg_echo.c; sourceTree = "<group>"; };
		35E889281FB16B8D000017DE /* signal.c */ = {isa = PBXFileReference; lastKnownFileType = sourcecode.c.c; path = signal.c; sourceTree = "<group>"; };
		35E889291FB16B8D000017DE /* rtt.c */ = {isa = PBXFileReference; lastKnownFileType = sourcecode.c.c; path = rtt.c; sourceTree = "<group>"; };
		35E8892A1FB16B8D000017DE /* mcast_join.c */ = {isa = PBXFileReference; lastKnownFileType = sourcecode.c.c; path = mcast_join.c; sourceTree = "<group>"; };
		35E8892B1FB16B8D000017DE /* in6addr_any.c */ = {isa = PBXFileReference; lastKnownFileType = sourcecode.c.c; path = in6addr_any.c; sourceTree = "<group>"; };
		35E8892C1FB16B8D000017DE /* dg_cli.c */ = {isa = PBXFileReference; lastKnownFileType = sourcecode.c.c; path = dg_cli.c; sourceTree = "<group>"; };
		35E8892D1FB16B8D000017DE /* readn.c */ = {isa = PBXFileReference; lastKnownFileType = sourcecode.c.c; path = readn.c; sourceTree = "<group>"; };
		35E8892E1FB16B8D000017DE /* sock_set_addr.c */ = {isa = PBXFileReference; lastKnownFileType = sourcecode.c.c; path = sock_set_addr.c; sourceTree = "<group>"; };
		35E8892F1FB16B8D000017DE /* get_ifi_info.c */ = {isa = PBXFileReference; lastKnownFileType = sourcecode.c.c; path = get_ifi_info.c; sourceTree = "<group>"; };
		35E889301FB16B8D000017DE /* readable_timeo.c */ = {isa = PBXFileReference; lastKnownFileType = sourcecode.c.c; path = readable_timeo.c; sourceTree = "<group>"; };
		35E889311FB16B8D000017DE /* sock_cmp_port.c */ = {isa = PBXFileReference; lastKnownFileType = sourcecode.c.c; path = sock_cmp_port.c; sourceTree = "<group>"; };
		35E889321FB16B8D000017DE /* hstrerror.c */ = {isa = PBXFileReference; lastKnownFileType = sourcecode.c.c; path = hstrerror.c; sourceTree = "<group>"; };
		35E889331FB16B8D000017DE /* daemon_inetd.c */ = {isa = PBXFileReference; lastKnownFileType = sourcecode.c.c; path = daemon_inetd.c; sourceTree = "<group>"; };
		35E889341FB16B8D000017DE /* host_serv.c */ = {isa = PBXFileReference; lastKnownFileType = sourcecode.c.c; path = host_serv.c; sourceTree = "<group>"; };
		35E889351FB16B8D000017DE /* unprtt.h */ = {isa = PBXFileReference; lastKnownFileType = sourcecode.c.h; path = unprtt.h; sourceTree = "<group>"; };
		35E889361FB16BB0000017DE /* unp.h */ = {isa = PBXFileReference; lastKnownFileType = sourcecode.c.h; name = unp.h; path = ../../../../../Downloads/unpv13e/lib/unp.h; sourceTree = "<group>"; };
		35E889371FB16BE7000017DE /* config.h */ = {isa = PBXFileReference; lastKnownFileType = sourcecode.c.h; path = config.h; sourceTree = "<group>"; };
		35E889761FB16DFC000017DE /* 4-1.png */ = {isa = PBXFileReference; lastKnownFileType = image.png; path = "4-1.png"; sourceTree = "<group>"; };
/* End PBXFileReference section */

/* Begin PBXFrameworksBuildPhase section */
		35E888E61FB16B85000017DE /* Frameworks */ = {
			isa = PBXFrameworksBuildPhase;
			buildActionMask = 2147483647;
			files = (
			);
			runOnlyForDeploymentPostprocessing = 0;
		};
/* End PBXFrameworksBuildPhase section */

/* Begin PBXGroup section */
		35E888E01FB16B85000017DE = {
			isa = PBXGroup;
			children = (
				35E888F31FB16B8D000017DE /* lib */,
				35E888EB1FB16B85000017DE /* Unix */,
				35E888EA1FB16B85000017DE /* Products */,
			);
			sourceTree = "<group>";
		};
		35E888EA1FB16B85000017DE /* Products */ = {
			isa = PBXGroup;
			children = (
				35E888E91FB16B85000017DE /* Unix */,
			);
			name = Products;
			sourceTree = "<group>";
		};
		35E888EB1FB16B85000017DE /* Unix */ = {
			isa = PBXGroup;
			children = (
				35E889761FB16DFC000017DE /* 4-1.png */,
				35E888EC1FB16B85000017DE /* main.c */,
				35391F2C1FB54C77007C546B /* lh.c */,
				35391F2D1FB54C77007C546B /* lh.h */,
			);
			path = Unix;
			sourceTree = "<group>";
		};
		35E888F31FB16B8D000017DE /* lib */ = {
			isa = PBXGroup;
			children = (
				35E889361FB16BB0000017DE /* unp.h */,
				35E889371FB16BE7000017DE /* config.h */,
				35E888F41FB16B8D000017DE /* sock_ntop.c */,
				35E888F51FB16B8D000017DE /* addrinfo.h */,
				35E888F61FB16B8D000017DE /* gf_time.c */,
				35E888F71FB16B8D000017DE /* str_echo.c */,
				35E888F81FB16B8D000017DE /* writen.c */,
				35E888F91FB16B8D000017DE /* str_cli.c */,
				35E888FA1FB16B8D000017DE /* sockfd_to_family.c */,
				35E888FB1FB16B8D000017DE /* if_nameindex.c */,
				35E888FC1FB16B8D000017DE /* daemon_init.c */,
				35E888FD1FB16B8D000017DE /* unpthread.h */,
				35E888FE1FB16B8D000017DE /* connect_nonb.c */,
				35E888FF1FB16B8D000017DE /* mcast_leave.c */,
				35E889001FB16B8D000017DE /* write_fd.c */,
				35E889011FB16B8D000017DE /* pselect.c */,
				35E889021FB16B8D000017DE /* mcast_get_ttl.c */,
				35E889031FB16B8D000017DE /* mcast_set_loop.c */,
				35E889041FB16B8D000017DE /* sockatmark.c */,
				35E889051FB16B8D000017DE /* connect_timeo.c */,
				35E889061FB16B8D000017DE /* sock_ntop_host.c */,
				35E889071FB16B8D000017DE /* if_nametoindex.c */,
				35E889081FB16B8D000017DE /* sock_set_port.c */,
				35E889091FB16B8D000017DE /* mcast_set_ttl.c */,
				35E8890A1FB16B8D000017DE /* wrapsock.c */,
				35E8890B1FB16B8D000017DE /* sock_cmp_addr.c */,
				35E8890C1FB16B8D000017DE /* tcp_connect.c */,
				35E8890D1FB16B8D000017DE /* udp_server.c */,
				35E8890E1FB16B8D000017DE /* sock_get_port.c */,
				35E8890F1FB16B8D000017DE /* wrapstdio.c */,
				35E889101FB16B8D000017DE /* sock_set_wild.c */,
				35E889111FB16B8D000017DE /* if_indextoname.c */,
				35E889121FB16B8D000017DE /* mcast_get_loop.c */,
				35E889131FB16B8D000017DE /* wraplib.c */,
				35E889141FB16B8D000017DE /* wrappthread.c */,
				35E889151FB16B8D000017DE /* read_fd.c */,
				35E889161FB16B8D000017DE /* signal_intr.c */,
				35E889171FB16B8D000017DE /* sock_bind_wild.c */,
				35E889181FB16B8D000017DE /* udp_client.c */,
				35E889191FB16B8D000017DE /* writable_timeo.c */,
				35E8891A1FB16B8D000017DE /* snprintf.c */,
				35E8891B1FB16B8D000017DE /* mcast_get_if.c */,
				35E8891C1FB16B8D000017DE /* my_addrs.c */,
				35E8891D1FB16B8D000017DE /* tcp_listen.c */,
				35E8891E1FB16B8D000017DE /* error.c */,
				35E8891F1FB16B8D000017DE /* wrapunix.c */,
				35E889201FB16B8D000017DE /* mcast_set_if.c */,
				35E889211FB16B8D000017DE /* family_to_level.c */,
				35E889221FB16B8D000017DE /* udp_connect.c */,
				35E889231FB16B8D000017DE /* readline.c */,
				35E889241FB16B8D000017DE /* unpifi.h */,
				35E889251FB16B8D000017DE /* unp.h */,
				35E889261FB16B8D000017DE /* tv_sub.c */,
				35E889271FB16B8D000017DE /* dg_echo.c */,
				35E889281FB16B8D000017DE /* signal.c */,
				35E889291FB16B8D000017DE /* rtt.c */,
				35E8892A1FB16B8D000017DE /* mcast_join.c */,
				35E8892B1FB16B8D000017DE /* in6addr_any.c */,
				35E8892C1FB16B8D000017DE /* dg_cli.c */,
				35E8892D1FB16B8D000017DE /* readn.c */,
				35E8892E1FB16B8D000017DE /* sock_set_addr.c */,
				35E8892F1FB16B8D000017DE /* get_ifi_info.c */,
				35E889301FB16B8D000017DE /* readable_timeo.c */,
				35E889311FB16B8D000017DE /* sock_cmp_port.c */,
				35E889321FB16B8D000017DE /* hstrerror.c */,
				35E889331FB16B8D000017DE /* daemon_inetd.c */,
				35E889341FB16B8D000017DE /* host_serv.c */,
				35E889351FB16B8D000017DE /* unprtt.h */,
			);
			path = lib;
			sourceTree = "<group>";
		};
/* End PBXGroup section */

/* Begin PBXNativeTarget section */
		35E888E81FB16B85000017DE /* Unix */ = {
			isa = PBXNativeTarget;
			buildConfigurationList = 35E888F01FB16B85000017DE /* Build configuration list for PBXNativeTarget "Unix" */;
			buildPhases = (
				35E888E51FB16B85000017DE /* Sources */,
				35E888E61FB16B85000017DE /* Frameworks */,
				35E888E71FB16B85000017DE /* CopyFiles */,
			);
			buildRules = (
			);
			dependencies = (
			);
			name = Unix;
			productName = Unix;
			productReference = 35E888E91FB16B85000017DE /* Unix */;
			productType = "com.apple.product-type.tool";
		};
/* End PBXNativeTarget section */

/* Begin PBXProject section */
		35E888E11FB16B85000017DE /* Project object */ = {
			isa = PBXProject;
			attributes = {
				LastUpgradeCheck = 0900;
				ORGANIZATIONNAME = leon;
				TargetAttributes = {
					35E888E81FB16B85000017DE = {
						CreatedOnToolsVersion = 9.0;
						ProvisioningStyle = Automatic;
					};
				};
			};
			buildConfigurationList = 35E888E41FB16B85000017DE /* Build configuration list for PBXProject "Unix" */;
			compatibilityVersion = "Xcode 8.0";
			developmentRegion = en;
			hasScannedForEncodings = 0;
			knownRegions = (
				en,
			);
			mainGroup = 35E888E01FB16B85000017DE;
			productRefGroup = 35E888EA1FB16B85000017DE /* Products */;
			projectDirPath = "";
			projectRoot = "";
			targets = (
				35E888E81FB16B85000017DE /* Unix */,
			);
		};
/* End PBXProject section */

/* Begin PBXSourcesBuildPhase section */
		35E888E51FB16B85000017DE /* Sources */ = {
			isa = PBXSourcesBuildPhase;
			buildActionMask = 2147483647;
			files = (
				35E889391FB16C58000017DE /* sock_ntop.c in Sources */,
				35E8893A1FB16C58000017DE /* gf_time.c in Sources */,
				35E8893B1FB16C58000017DE /* str_echo.c in Sources */,
				35E8893C1FB16C58000017DE /* writen.c in Sources */,
				35E8893D1FB16C58000017DE /* str_cli.c in Sources */,
				35E8893E1FB16C58000017DE /* sockfd_to_family.c in Sources */,
				35E8893F1FB16C58000017DE /* if_nameindex.c in Sources */,
				35E889401FB16C58000017DE /* daemon_init.c in Sources */,
				35E889411FB16C58000017DE /* connect_nonb.c in Sources */,
				35E889421FB16C58000017DE /* mcast_leave.c in Sources */,
				35E889431FB16C58000017DE /* write_fd.c in Sources */,
				35E889441FB16C58000017DE /* pselect.c in Sources */,
				35E889451FB16C58000017DE /* mcast_get_ttl.c in Sources */,
				35E889461FB16C58000017DE /* mcast_set_loop.c in Sources */,
				35E889471FB16C58000017DE /* sockatmark.c in Sources */,
				35E889481FB16C58000017DE /* connect_timeo.c in Sources */,
				35E889491FB16C58000017DE /* sock_ntop_host.c in Sources */,
				35E8894A1FB16C58000017DE /* if_nametoindex.c in Sources */,
				35E8894B1FB16C58000017DE /* sock_set_port.c in Sources */,
				35E8894C1FB16C58000017DE /* mcast_set_ttl.c in Sources */,
				35E8894D1FB16C58000017DE /* wrapsock.c in Sources */,
				35E8894E1FB16C58000017DE /* sock_cmp_addr.c in Sources */,
				35E8894F1FB16C58000017DE /* tcp_connect.c in Sources */,
				35E889501FB16C58000017DE /* udp_server.c in Sources */,
				35E889511FB16C58000017DE /* sock_get_port.c in Sources */,
				35E889521FB16C58000017DE /* wrapstdio.c in Sources */,
				35E889531FB16C58000017DE /* sock_set_wild.c in Sources */,
				35E889541FB16C58000017DE /* if_indextoname.c in Sources */,
				35E889551FB16C58000017DE /* mcast_get_loop.c in Sources */,
				35E889561FB16C58000017DE /* wraplib.c in Sources */,
				35E889571FB16C58000017DE /* wrappthread.c in Sources */,
				35E889581FB16C58000017DE /* read_fd.c in Sources */,
				35391F2E1FB54C77007C546B /* lh.c in Sources */,
				35E889591FB16C58000017DE /* signal_intr.c in Sources */,
				35E8895A1FB16C58000017DE /* sock_bind_wild.c in Sources */,
				35E8895B1FB16C58000017DE /* udp_client.c in Sources */,
				35E8895C1FB16C58000017DE /* writable_timeo.c in Sources */,
				35E8895D1FB16C58000017DE /* snprintf.c in Sources */,
				35E8895E1FB16C58000017DE /* mcast_get_if.c in Sources */,
				35E8895F1FB16C58000017DE /* my_addrs.c in Sources */,
				35E889601FB16C58000017DE /* tcp_listen.c in Sources */,
				35E889611FB16C58000017DE /* error.c in Sources */,
				35E889621FB16C58000017DE /* wrapunix.c in Sources */,
				35E889631FB16C58000017DE /* mcast_set_if.c in Sources */,
				35E889641FB16C58000017DE /* family_to_level.c in Sources */,
				35E889651FB16C58000017DE /* udp_connect.c in Sources */,
				35E889661FB16C58000017DE /* readline.c in Sources */,
				35E889671FB16C58000017DE /* tv_sub.c in Sources */,
				35E889681FB16C58000017DE /* dg_echo.c in Sources */,
				35E889691FB16C58000017DE /* signal.c in Sources */,
				35E8896A1FB16C58000017DE /* rtt.c in Sources */,
				35E8896B1FB16C58000017DE /* mcast_join.c in Sources */,
				35E8896C1FB16C58000017DE /* in6addr_any.c in Sources */,
				35E8896D1FB16C58000017DE /* dg_cli.c in Sources */,
				35E8896E1FB16C58000017DE /* readn.c in Sources */,
				35E8896F1FB16C58000017DE /* sock_set_addr.c in Sources */,
				35E889701FB16C59000017DE /* get_ifi_info.c in Sources */,
				35E889711FB16C59000017DE /* readable_timeo.c in Sources */,
				35E889721FB16C59000017DE /* sock_cmp_port.c in Sources */,
				35E889731FB16C59000017DE /* hstrerror.c in Sources */,
				35E889741FB16C59000017DE /* daemon_inetd.c in Sources */,
				35E889751FB16C59000017DE /* host_serv.c in Sources */,
				35E888ED1FB16B85000017DE /* main.c in Sources */,
			);
			runOnlyForDeploymentPostprocessing = 0;
		};
/* End PBXSourcesBuildPhase section */

/* Begin XCBuildConfiguration section */
		35E888EE1FB16B85000017DE /* Debug */ = {
			isa = XCBuildConfiguration;
			buildSettings = {
				ALWAYS_SEARCH_USER_PATHS = NO;
				CLANG_ANALYZER_NONNULL = YES;
				CLANG_ANALYZER_NUMBER_OBJECT_CONVERSION = YES_AGGRESSIVE;
				CLANG_CXX_LANGUAGE_STANDARD = "gnu++14";
				CLANG_CXX_LIBRARY = "libc++";
				CLANG_ENABLE_MODULES = YES;
				CLANG_ENABLE_OBJC_ARC = YES;
				CLANG_WARN_BLOCK_CAPTURE_AUTORELEASING = YES;
				CLANG_WARN_BOOL_CONVERSION = YES;
				CLANG_WARN_COMMA = YES;
				CLANG_WARN_CONSTANT_CONVERSION = YES;
				CLANG_WARN_DIRECT_OBJC_ISA_USAGE = YES_ERROR;
				CLANG_WARN_DOCUMENTATION_COMMENTS = YES;
				CLANG_WARN_EMPTY_BODY = YES;
				CLANG_WARN_ENUM_CONVERSION = YES;
				CLANG_WARN_INFINITE_RECURSION = YES;
				CLANG_WARN_INT_CONVERSION = YES;
				CLANG_WARN_NON_LITERAL_NULL_CONVERSION = YES;
				CLANG_WARN_OBJC_LITERAL_CONVERSION = YES;
				CLANG_WARN_OBJC_ROOT_CLASS = YES_ERROR;
				CLANG_WARN_RANGE_LOOP_ANALYSIS = YES;
				CLANG_WARN_STRICT_PROTOTYPES = YES;
				CLANG_WARN_SUSPICIOUS_MOVE = YES;
				CLANG_WARN_UNGUARDED_AVAILABILITY = YES_AGGRESSIVE;
				CLANG_WARN_UNREACHABLE_CODE = YES;
				CLANG_WARN__DUPLICATE_METHOD_MATCH = YES;
				CODE_SIGN_IDENTITY = "-";
				COPY_PHASE_STRIP = NO;
				DEBUG_INFORMATION_FORMAT = dwarf;
				ENABLE_STRICT_OBJC_MSGSEND = YES;
				ENABLE_TESTABILITY = YES;
				GCC_C_LANGUAGE_STANDARD = gnu11;
				GCC_DYNAMIC_NO_PIC = NO;
				GCC_NO_COMMON_BLOCKS = YES;
				GCC_OPTIMIZATION_LEVEL = 0;
				GCC_PREPROCESSOR_DEFINITIONS = (
					"DEBUG=1",
					"$(inherited)",
				);
				GCC_WARN_64_TO_32_BIT_CONVERSION = YES;
				GCC_WARN_ABOUT_RETURN_TYPE = YES_ERROR;
				GCC_WARN_UNDECLARED_SELECTOR = YES;
				GCC_WARN_UNINITIALIZED_AUTOS = YES_AGGRESSIVE;
				GCC_WARN_UNUSED_FUNCTION = YES;
				GCC_WARN_UNUSED_VARIABLE = YES;
				MACOSX_DEPLOYMENT_TARGET = 10.13;
				MTL_ENABLE_DEBUG_INFO = YES;
				ONLY_ACTIVE_ARCH = YES;
				SDKROOT = macosx;
			};
			name = Debug;
		};
		35E888EF1FB16B85000017DE /* Release */ = {
			isa = XCBuildConfiguration;
			buildSettings = {
				ALWAYS_SEARCH_USER_PATHS = NO;
				CLANG_ANALYZER_NONNULL = YES;
				CLANG_ANALYZER_NUMBER_OBJECT_CONVERSION = YES_AGGRESSIVE;
				CLANG_CXX_LANGUAGE_STANDARD = "gnu++14";
				CLANG_CXX_LIBRARY = "libc++";
				CLANG_ENABLE_MODULES = YES;
				CLANG_ENABLE_OBJC_ARC = YES;
				CLANG_WARN_BLOCK_CAPTURE_AUTORELEASING = YES;
				CLANG_WARN_BOOL_CONVERSION = YES;
				CLANG_WARN_COMMA = YES;
				CLANG_WARN_CONSTANT_CONVERSION = YES;
				CLANG_WARN_DIRECT_OBJC_ISA_USAGE = YES_ERROR;
				CLANG_WARN_DOCUMENTATION_COMMENTS = YES;
				CLANG_WARN_EMPTY_BODY = YES;
				CLANG_WARN_ENUM_CONVERSION = YES;
				CLANG_WARN_INFINITE_RECURSION = YES;
				CLANG_WARN_INT_CONVERSION = YES;
				CLANG_WARN_NON_LITERAL_NULL_CONVERSION = YES;
				CLANG_WARN_OBJC_LITERAL_CONVERSION = YES;
				CLANG_WARN_OBJC_ROOT_CLASS = YES_ERROR;
				CLANG_WARN_RANGE_LOOP_ANALYSIS = YES;
				CLANG_WARN_STRICT_PROTOTYPES = YES;
				CLANG_WARN_SUSPICIOUS_MOVE = YES;
				CLANG_WARN_UNGUARDED_AVAILABILITY = YES_AGGRESSIVE;
				CLANG_WARN_UNREACHABLE_CODE = YES;
				CLANG_WARN__DUPLICATE_METHOD_MATCH = YES;
				CODE_SIGN_IDENTITY = "-";
				COPY_PHASE_STRIP = NO;
				DEBUG_INFORMATION_FORMAT = "dwarf-with-dsym";
				ENABLE_NS_ASSERTIONS = NO;
				ENABLE_STRICT_OBJC_MSGSEND = YES;
				GCC_C_LANGUAGE_STANDARD = gnu11;
				GCC_NO_COMMON_BLOCKS = YES;
				GCC_WARN_64_TO_32_BIT_CONVERSION = YES;
				GCC_WARN_ABOUT_RETURN_TYPE = YES_ERROR;
				GCC_WARN_UNDECLARED_SELECTOR = YES;
				GCC_WARN_UNINITIALIZED_AUTOS = YES_AGGRESSIVE;
				GCC_WARN_UNUSED_FUNCTION = YES;
				GCC_WARN_UNUSED_VARIABLE = YES;
				MACOSX_DEPLOYMENT_TARGET = 10.13;
				MTL_ENABLE_DEBUG_INFO = NO;
				SDKROOT = macosx;
			};
			name = Release;
		};
		35E888F11FB16B85000017DE /* Debug */ = {
			isa = XCBuildConfiguration;
			buildSettings = {
				CODE_SIGN_STYLE = Automatic;
				MACOSX_DEPLOYMENT_TARGET = 10.10;
				PRODUCT_NAME = "$(TARGET_NAME)";
			};
			name = Debug;
		};
		35E888F21FB16B85000017DE /* Release */ = {
			isa = XCBuildConfiguration;
			buildSettings = {
				CODE_SIGN_STYLE = Automatic;
				MACOSX_DEPLOYMENT_TARGET = 10.10;
				PRODUCT_NAME = "$(TARGET_NAME)";
			};
			name = Release;
		};
/* End XCBuildConfiguration section */

/* Begin XCConfigurationList section */
		35E888E41FB16B85000017DE /* Build configuration list for PBXProject "Unix" */ = {
			isa = XCConfigurationList;
			buildConfigurations = (
				35E888EE1FB16B85000017DE /* Debug */,
				35E888EF1FB16B85000017DE /* Release */,
			);
			defaultConfigurationIsVisible = 0;
			defaultConfigurationName = Release;
		};
		35E888F01FB16B85000017DE /* Build configuration list for PBXNativeTarget "Unix" */ = {
			isa = XCConfigurationList;
			buildConfigurations = (
				35E888F11FB16B85000017DE /* Debug */,
				35E888F21FB16B85000017DE /* Release */,
			);
			defaultConfigurationIsVisible = 0;
			defaultConfigurationName = Release;
		};
/* End XCConfigurationList section */
	};
	rootObject = 35E888E11FB16B85000017DE /* Project object */;
}
